{
    "_meta": {
        "hash": {
            "sha256": "c55f4f1d6d9bb2e0ae26fcc9ce9b7d4fae5bf64c673e3e5bf21d6911be13c1e7"
        },
        "pipfile-spec": 6,
        "requires": {
            "python_version": "3.11"
        },
        "sources": [
            {
                "name": "pypi",
                "url": "https://pypi.org/simple",
                "verify_ssl": true
            }
        ]
    },
    "default": {
        "nats-py": {
            "hashes": [
                "sha256:6622c547d9a7d2313d9c147d46c386188f4ec2c7b5c9f9a0438a4d1b55f54a93",
                "sha256:9f8d36aa52a9926a88b8f1d70cf1fdce0ad387941479b500ee9ab3e51073cefd"
            ],
            "index": "pypi",
            "version": "==2.15.0"
        },
        "websockets": {
            "hashes": [
                "sha256:0014eaff8ad5b3b43feda2279f9d34bf2eaae040720b9fbbb55944b10f40b14d",
                "sha256:00679b7468b4c2b12b0757118174e8eabac56bb2f579a928a104d9554a56e098",
                "sha256:00bf34b64501e3477e81fc281532ff3cbf4da26633c10b63979d5085d46602d3",
                "sha256:01dcb47deebc40b38fd4a493b9b9f4d0a704b7bec6f35e4d34085b329abce71a",
                "sha256:020e271205f8ab3406d7a59cd00de6dec722315924411c421bd00642f18bad86",
                "sha256:0340bbef6bfbe16da888b3983d666a4db4954ac3253c38f13bc7aba0c7db5a2f",
                "sha256:054c28db2dcec0e857e3b705d8c28012613e555b38c765d6a4f75340a4fc06a0",
                "sha256:073c5c3f7e127041fa9d34a9e29ceefee8c3cafbd267ed2927318f425144380d",
                "sha256:07fa3e7c30e2c577928d359b56bf872a3e0cbcc15553eaa0907c1ee86344b56f",
                "sha256:0c84bdef916556cbe1d5a43b423398be4dd3cba6522b463e53d848578b920695",
                "sha256:0c863507ada5805517ca6dff1c524dcd42942efe6304dacf06700878398d21a6",
                "sha256:0c9982938980e086da59f70d05f9418cd143401a601a0faac10fa48f7bb1cd3e",
                "sha256:0de501b7f2db11e83739ac20e2d33d46da4604b829f506c24be80e7def069391",
                "sha256:0f4f50dfe2cc810fc4e2de979b35e83bf8bb4bccdc6fe472d93762ea7b1d5927",
                "sha256:1036189bd34b0bc1b10a4679321e2c7968af317efe6e8e4c1c5141c4254fb5bb",
                "sha256:10ecb38ffc05e1841b619d99c725307a223ef9ad58e7b1ed33311d472dc43918",
                "sha256:12c8e2b25df59755954a04dfa09c990b96691025aaf7eafd19ed6da24b09c18d",
                "sha256:12fe8984a32dbfd084e0603f1a8d740c0180cb85b3174585c54a80d2455a8394",
                "sha256:17aa424ab61620aad21b36b2240efc87b500cc496e7d0e999a5c2ae99395e886",
                "sha256:1a20136d61f9ca3a31493732762661fafc2c20e8861930214e21afc6a8a692a2",
                "sha256:1a5cf4e7bbe3ca499e6a289206cb4fcb7444b09919e129bd517f57d5fa192c13",
                "sha256:1c7ac77401227212dc6e849182feee50d57cf456ec6329ffd6979c94bb136c5c",
                "sha256:1fce0f43e0d41422e0b2cad6561e1970df22f212f4c7e884967df7cf591b031c",
                "sha256:259f45358c76d3b18489e3e80636cdbe807e05ecf1b10fdf1a779106d23d0c8e",
                "sha256:2786cbd273ab69c22612db8a41229ddf2c158060b17b5928884bf388d07887f3",
                "sha256:29176d8b429cfa0fa443c473878d37a5c06cfd0cb36b71ba4314accc71e05906",
                "sha256:2a0162a6372110a5601cb5c9fd826635cedf69f3e110c545dd19774e040b970e",
                "sha256:2a4dc6ef83f4559e0d05f313a375cb38f63c986096a9da99fe94fdd779d313e5",
                "sha256:2afb58c7ba48b329d56769f8dfd89f394efe587b65ef806bae810a484d6d3608",
                "sha256:2cce251f3e2469b99b6802b55435bcdd07123b41870f54c87b336183af9d7e68",
                "sha256:2d72879819f5145a342d0030c418702496c65a4b913ef81f5ae944dd91dd50f6",
                "sha256:32a2a68d989d6e5b74a9d5095415c51189ebae29fceb7cf2b64a1c0318a81256",
                "sha256:33e45c7ea38428e740a7f233555d71df0b875cef7fc080acebc9654475e35335",
                "sha256:34879e19bb0a3c44f9317679435aea5327fac993933a704cbf353bf1234b10c7",
                "sha256:3546ef55b3a074494106508bc6505c73825970d2d9505f7bf53882b3e88b0d1e",
                "sha256:3709a1ab30b4b922027d22f68d2b61a0656a91680ac894a537624e6be7dd7f7c",
                "sha256:4031152769179ab8dcdeafc7b0e58052a49117560a28671700b47b2c7b717aad",
                "sha256:406b8107943a43ef4649b1e0cb0cdc052bbf08fe1c8905a623c4af9586e5cebb",
                "sha256:416b4bc8789a1865a3ff643ec4ee073a5f52402d0dbeafd27b1798d5dd6b6a51",
                "sha256:43bd0c1ceb924d67f5c1a5254d8361dd9d94246e6331a726064dfa2917880780",
                "sha256:455ffeea0879d313205df1e745e5883e1feb7f31ecd26be882f5f0babd3db04f",
                "sha256:469355ab1af100b9380f1afb09985019f4a4b94fa1dd0e9396db4361626d7ab8",
                "sha256:46c0331c9eaaf73a559f3a9e388466be0df96eb83d40f06f1ca6ab6613b35c82",
                "sha256:46e7a10bf04318c7b0c0273791925ae5e1cbe4a11e34aa934d2ef27862058a80",
                "sha256:47a62d6045c6eaa0d8f97bc2fb68b8cf90077a0cbfd4e83d6f2d2145611ee134",
                "sha256:4af784f3e436f65b355c117c6497320f2b5cf6a559295cb1c4c7338e335d45cc",
                "sha256:4e8ffcb486c8490a34a4cef5e4409d8da5a1cb1681e5bf7d786ce5e84aa8540d",
                "sha256:50903d335bfda026c2fa11dd9aed09d8cbee0c451e3a85122a9acb041b7dc69b",
                "sha256:57b39dc8541cf7ed3f639da82bf7451060483967f9e733da1f8173e4095f0642",
                "sha256:581fa678ef46f4277cc8491312468e582f8ad609dbab907ba6096a08c6a0ff98",
                "sha256:5a74531ce81af587f906ab42f194032388fcff8fc7938402e5917c9147a39441",
                "sha256:5aefe78e6a3077fe22b5e64b04666a85a3eb8b934d40e8595a693adcbceb6f11",
                "sha256:5c27336b1a0ac56569493e858497870347854372395f50483725f8cdacc5a45c",
                "sha256:5d4724255fb8398acd9e583b97eb2279cec20e0bd0f9a94bf75f6056ef9f13da",
                "sha256:5f051f8030a51815dc00e24bd2e5f1435af095c1cc111d747ac6e2a3620d7641",
                "sha256:615746b12b26a3fd4077bc6fbeb277a1c192a45dd57b531d07ad9ed5c52a9a7a",
                "sha256:617243e19a0992095956f406ee9cd3bc4ba92862d83cb1d83bb59ce574412bec",
                "sha256:655a8e28010f09fd6fa317e857afab3af7647f33e41dee88fa421e92086d1090",
                "sha256:65be6bda2b537fefa4b3a5ccd6ab386533ce39dd8fe62433ec90901fdc81752d",
                "sha256:67258b00302a5aaf0b267771c7014b13429abd7ea17eebc4c55bd935ff101555",
                "sha256:677014a073bcb1fbaa7e21144786864f16c08f856d66834f611eceb9006cbab8",
                "sha256:6a8e768a048c2220697477ce2e67e4345dc9f693d0ee6af53945b5e30227c6a7",
                "sha256:6da17fc94bd270f5987b10bee113461ac36a36a98b0481ddcc98056e5a90001a",
                "sha256:6de9acef07e3a78e9567fcd26c29011a4da8f050b13004bbf880a0fd82a6eea5",
                "sha256:6e63c01803be425ff062b7f7fc201a74def1d49fc94a2410dd17375df75936e9",
                "sha256:6f42912fa9eb4cb7c7ec9fde9b3332ba339eb8a8811981043d4029599f3d950b",
                "sha256:722ec21717eec6477bce582147a28acdfe034e604239466a6a95daedb863e774",
                "sha256:764cf7bfa149365f32b7a0fd9fed32debdac29dd06295d5635cde1745b446cd8",
                "sha256:76dd004f59115087c7b700474cb18f01325e37250032e19396c08ae41448e4b3",
                "sha256:77b37cceca17291897c3c73bd30a7c7c7909593554b5da574ec852af83c1742a",
                "sha256:7a72efa3bf4fa3a6669a54420a472ad056da3973d827f10e3a536da463f926c2",
                "sha256:7e724f843fa6a0614aece65a7c73e51d0f4412ca41dccac13c3caf98e69536bb",
                "sha256:8196d217eeca52b9235ee1f8a684a09885a5f953d5a31e80ef915bf2c5c94f9d",
                "sha256:829dba1bc049779de9b332088c1a6a9858e96bd67e50b6b644a95e02b67836bc",
                "sha256:84f25e099fdfe3b09f953d84698f729a1f7d1e99101b2787d7a28ed77b323750",
                "sha256:87f0d5e77548b0c40c8464cdb6108792e7e53f487c6400028a4ec28a8afbe5ab",
                "sha256:880069d21cc33a558dcf180924a546d1ecf8ada5be3e4e70acee87019d706a24",
                "sha256:882af300d2c6a092b93767d5de03c7bb56dfb06314140c8e872d3f48e09f7b74",
                "sha256:88381602e379165b66244b2ebc29f9b23ea0851fbe63ae157f91ca324f072d6f",
                "sha256:88b882764ef65147a7a5ae13168dedbe225a04e2ff4858fe543f2c402f093e9c",
                "sha256:88bc5138e53903a85c354e59df7ba73ce306f7b09724cef74dba121e60a88ce2",
                "sha256:8d1b108bd8f5f6a8b90801f6db3b3858d5deca889acfdb8ac497bbb24e4b0edf",
                "sha256:8f6c38cdcaf98a911d7acc25577f2f9e710f3a2fc2bde1563556784320196b51",
                "sha256:8fbf28e639544503b7d1c96452a5e5e043e4108d89b1f3fa02910603622d19db",
                "sha256:96abdecbaae746851b87c3a36cb4a661df93ca3d92f114270f79228bf1d00de6",
                "sha256:98a5b2589a56a4b4f098b0a958099a4356ab904a7844f1da3841efca469af7e9",
                "sha256:9ae55d24241fc055f22aea3ac924559069848bd0ad4ea065fdd72d2194685fe8",
                "sha256:9f4a08ff7cb68c27b18e09223cc6304e01d0f82d5a240d251266dfd2e6e44729",
                "sha256:9f4c0377a83e163a303514fdfab501dbe379bdc13e5b9312a91d112658b29dce",
                "sha256:9fa1ffa08c81a4f809cdab6129f8e55bee4650b9d6d3461019dda73aacd146b6",
                "sha256:a06f3b5085176763182449559e20391d7ce616a8972a9f7a33deda87ea6d4f3c",
                "sha256:a62d8c424383c9dc769ff3672018df822603117e32686e567d452ed035b6fb2e",
                "sha256:a7b35181a14cbfcae163b4de545d22abfd07d06c2c41ca69cfcd99251d6888ab",
                "sha256:a9fe648abd1d9b89aebfa30407bfdd08a0271ec5dc7d44a4c6ccd1ce22cf562a",
                "sha256:acfea4c20bf54384883ea33b1240fc1db4f52e190823a4e2b334bc3e8bfca96a",
                "sha256:ad68c28a27246fed109a4409393d677b7e1388345cbbd2f5aee5c182d8506110",
                "sha256:aec00f018d34c67500ff0438dc314b40277be4a1b983cbacbf53ccf7db63e257",
                "sha256:b1bc819c6db90e8f91a38250a1ab4c058261871aa52d2fe36382eddedf146dee",
                "sha256:b1c323fc3be1dc3f87f6c59458cb7d9e13dcbbf971d6c3f3e2bbaf58d3bfcdfe",
                "sha256:b3b451fd2723ad3191a209afe6f3f4bc86c83e9a85bdc255353b91803ee6aa66",
                "sha256:b65d5fe48219dc2d5e158de9e6514e75600f379cc7e37108d35f31764c155566",
                "sha256:bb0efe019480a1c93e168ce96479273aaebd672fc8c350d5eed1e507ababb1b8",
                "sha256:be3f0129c5654517b2abf07dcb75bb1d9479759a4ccfb569e8293579e9fc029a",
                "sha256:c3241d684a76eaaef8b2dc789afde4343cd3aad55ea81e4e8ab3605b529bae51",
                "sha256:c65da239a5ad553619804c1f9d65c1a0b3005381c6158ee14da2c7444cbd0c78",
                "sha256:c89406fa3dcd4aa8662c6406cc5c0de1790e9614d2c3aaf03ca53a8a8ccf3405",
                "sha256:ccbf3f4a9890d50b3a08ee04029fde30a03bfdeffaa19977628bf17251764e60",
                "sha256:ce0305b702b20d1e1d60a9aaace6bc89970e1753565543f310d549eab22c2435",
                "sha256:ce13c7d233239e739600a57d4a73c1192ad8259e655a4d55aa1a454242bc809d",
                "sha256:cec1bb8f22abccc8d20f8ca63df9be41600c26c190f4b97ee86c675fd4a863a6",
                "sha256:d1e2f5fa2b6d01f0d85b4f223fea7ed1d504be282a02a81bd2be4817ef7a2f03",
                "sha256:d334d11398086bb5559606cb42d51c013ea7c061c7db701521392373d3c087f5",
                "sha256:d411ea5ca18ac1b12c0c94be88b60c18ca641ac43bcdfdf1c9f79d46cdbe1603",
                "sha256:d41ef69d5416fbc1d98cf96c37be6192d10fd101c3e0f8b3ddc36e09432b3c08",
                "sha256:d58159af7835fde09c462394293c0d7aaf8fb4557d8f8e5699f5e722ccae013d",
                "sha256:d7b349265fad6244013eecd99df8d83c12bf3013943e431f4fadd5bffc37db42",
                "sha256:d8e83333385cac6030a5167fd18bf96cc6c58b914c308e683f05b0cf94bc8dd0",
                "sha256:d9d01e8ede41fea4f5a847dad9d628355f74905f437a5b6856d67aa66d193800",
                "sha256:d9fc873e239c5abeb150bc24dbd1a7af23a9254526383ce0a077f5e20adbeb19",
                "sha256:db9d7ee47f3ba531e278be539af39e2c7c7d28fb94897b6cd1120d63b0ef5922",
                "sha256:dc053f9e95a76213c5eb7ed95779f7daf0d2bf0e4e03073629ebfa43a033f151",
                "sha256:dc2b79afc074d2f3e64b26539350f697fe1b85ea1c49ea24eb588f247b053ce1",
                "sha256:dc5789e5ea182b77a38881383ada5347202a6c66f4857d054e075290e80b604b",
                "sha256:dcb8d5f7edef7a399d322cf28d4c4e6f98dab64d301c8f50581a1080e5198142",
                "sha256:e4bd7eacb87d8cf3ed70d6392c770a0d92441f05d7d2a3efafb5bc171d5e3067",
                "sha256:e552e0037230ac16e5f568de7012041344d1b18c9feed30ec2891b8eba55af81",
                "sha256:e5f5c7a893507d0e83a80b88aefd6522f7e882cd53f9722c6f23f5a020c9557c",
                "sha256:e74e41f0ad12ff1e8983e349daef79d37cc8280c743ce9d134d6c74c18dab5d6",
                "sha256:e78fd4b7b2c5086a38671c9c882c1e643385eccea360b5b1fda4a105e590087e",
                "sha256:e8dc3fa6d6b7ead3f9de57895f41b116a28787548e066365d9d90f7356bcaad2",
                "sha256:ea0ed9373b880115911d9d39634bccc95b8ce590c9c42e8589f5cacc3ef3cee2",
                "sha256:edadce7a22052056fd4384543019856b34850363c9d387929f677ae01d79709c",
                "sha256:eec113a5b41d124ef42ff56b0d74a6da3fd986400038eab9e58ee42a4024e837",
                "sha256:f221081107b8c48184d99f7019604486376e7ef826037e70aad6b02540732c23",
                "sha256:f3a1d577e081667dda7f8e5b4796e6e32f9713c93e2a3d930669519840a3c623",
                "sha256:f47aafd92aa28b941180e6da8a42b0f711851b14b81a5b6bb28dbbb1fa35152c",
                "sha256:f4c45ee2512d3757b5e6c67c5a34e435143f2ecb7df3324f9fd888688c45c0f4",
                "sha256:f58f58b4b29bbea2a3635e2c56eff4a3adab011fe383802a9e542e31b97085fc",
                "sha256:f612dc57f00c07cf4aa2673f7cbceabd654ad2457b7e639f061b794d6e11f9fd",
                "sha256:f62114a54117e4948a1e414e89521f7fe1e3c2f83f2a571a06a4fc6718b0900a",
                "sha256:f64e001bb7fa89b9f32cfa600bf8e9ac8ca26759d9b92ae01453ee303d9cd7b4",
                "sha256:f7233eaf441a345a5943a929fd4b5ea3278f11aed35a9ed0f3106b8cb3ca846a",
                "sha256:f78a3ffb1994304db2c0c4588e4d1a518079b557054fa3bb985a6f5e50ff49a3",
                "sha256:f8e822efd54137d8cc8310eb64635ab827a4a6c72ff08691f38aa624776d8ecb",
                "sha256:f98bf378d7a5be047a044a1a27c987a8f355e10e3b5754617dbe756248cbc5ce",
                "sha256:fb88076df585b69c5761c387c0081aa87d7b9eb1b205a6535ca4777e25650d81",
                "sha256:fd8f47dbf2e8adb15c847215f83436de3fdb120b51fdae0fbbdf69fd97a3ad80",
                "sha256:ff3e2ba7a9f0a110b0555452e9b5a03a34e11662544e01beea15f144b48ba7b7"
            ],
            "index": "pypi",
            "version": "==17.1"
        }
    },
    "develop": {}
}
